
Microsoft Visual Studio Solution File, Format Version 11.00
# Visual C++ Express 2010
Project("{8BC9CEB8-8B4A-11D0-8D11-00A0C91BC942}") = "MouseTest", "MouseTest\MouseTest.vcxproj", "{63121B98-2A59-4664-AE64-212BA1A85FB5}"
EndProject
Global
	GlobalSection(SolutionConfigurationPlatforms) = preSolution
		Debug|Win32 = Debug|Win32
		Release|Win32 = Release|Win32
	EndGlobalSection
	GlobalSection(ProjectConfigurationPlatforms) = postSolution
		{63121B98-2A59-4664-AE64-212BA1A85FB5}.Debug|Win32.ActiveCfg = Debug|Win32
		{63121B98-2A59-4664-AE64-212BA1A85FB5}.Debug|Win32.Build.0 = Debug|Win32
		{63121B98-2A59-4664-AE64-212BA1A85FB5}.Release|Win32.ActiveCfg = Release|Win32
		{63121B98-2A59-4664-AE64-212BA1A85FB5}.Release|Win32.Build.0 = Release|Win32
	EndGlobalSection
	GlobalSection(SolutionProperties) = preSolution
		HideSolutionNode = FALSE
	EndGlobalSection
EndGlobal
